// !$*UTF8*$!
{
	archiveVersion = 1;
	classes = {
	};
	objectVersion = 56;
	objects = {

/* Begin PBXBuildFile section */
		9F43C5772A4ABA660011A48F /* MaintenanceTracker.swift in Sources */ = {isa = PBXBuildFile; fileRef = 9F43C5762A4ABA660011A48F /* MaintenanceTracker.swift */; };
		9F43C5A32A4ABA900011A48F /* Main.xcdatamodeld in Sources */ = {isa = PBXBuildFile; fileRef = 9F43C5842A4ABA8E0011A48F /* Main.xcdatamodeld */; };
		9F43C5A42A4ABA900011A48F /* TagsMenuView.swift in Sources */ = {isa = PBXBuildFile; fileRef = 9F43C5862A4ABA8E0011A48F /* TagsMenuView.swift */; };
		9F43C5A52A4ABA900011A48F /* SidebarView.swift in Sources */ = {isa = PBXBuildFile; fileRef = 9F43C5872A4ABA8E0011A48F /* SidebarView.swift */; };
		9F43C5A62A4ABA900011A48F /* Tag-CoreDataHelpers.swift in Sources */ = {isa = PBXBuildFile; fileRef = 9F43C5882A4ABA8E0011A48F /* Tag-CoreDataHelpers.swift */; };
		9F43C5A72A4ABA900011A48F /* SidebarViewToolbar.swift in Sources */ = {isa = PBXBuildFile; fileRef = 9F43C5892A4ABA8E0011A48F /* SidebarViewToolbar.swift */; };
		9F43C5A92A4ABA900011A48F /* IssueRow.swift in Sources */ = {isa = PBXBuildFile; fileRef = 9F43C58C2A4ABA8E0011A48F /* IssueRow.swift */; };
		9F43C5AC2A4ABA900011A48F /* Issue-CoreDataHelpers.swift in Sources */ = {isa = PBXBuildFile; fileRef = 9F43C58F2A4ABA8F0011A48F /* Issue-CoreDataHelpers.swift */; };
		9F43C5B02A4ABA900011A48F /* SmartFilterRow.swift in Sources */ = {isa = PBXBuildFile; fileRef = 9F43C5942A4ABA8F0011A48F /* SmartFilterRow.swift */; };
		9F43C5B12A4ABA900011A48F /* NoIssueView.swift in Sources */ = {isa = PBXBuildFile; fileRef = 9F43C5952A4ABA8F0011A48F /* NoIssueView.swift */; };
		9F43C5B32A4ABA900011A48F /* DataController.swift in Sources */ = {isa = PBXBuildFile; fileRef = 9F43C5972A4ABA8F0011A48F /* DataController.swift */; };
		9F43C5B52A4ABA900011A48F /* ContentViewToolbar.swift in Sources */ = {isa = PBXBuildFile; fileRef = 9F43C5992A4ABA8F0011A48F /* ContentViewToolbar.swift */; };
		9F43C5B62A4ABA900011A48F /* IssueViewToolbar.swift in Sources */ = {isa = PBXBuildFile; fileRef = 9F43C59A2A4ABA8F0011A48F /* IssueViewToolbar.swift */; };
		9F43C5B82A4ABA900011A48F /* UserFilterRow.swift in Sources */ = {isa = PBXBuildFile; fileRef = 9F43C59C2A4ABA8F0011A48F /* UserFilterRow.swift */; };
		9F43C5B92A4ABA900011A48F /* DetailView.swift in Sources */ = {isa = PBXBuildFile; fileRef = 9F43C59D2A4ABA900011A48F /* DetailView.swift */; };
		9F43C5BA2A4ABA900011A48F /* Filter.swift in Sources */ = {isa = PBXBuildFile; fileRef = 9F43C59E2A4ABA900011A48F /* Filter.swift */; };
		9F43C5BB2A4ABA900011A48F /* IssueView.swift in Sources */ = {isa = PBXBuildFile; fileRef = 9F43C59F2A4ABA900011A48F /* IssueView.swift */; };
		9F43C5BD2A4ABA900011A48F /* Bundle-Decodable.swift in Sources */ = {isa = PBXBuildFile; fileRef = 9F43C5A12A4ABA900011A48F /* Bundle-Decodable.swift */; };
		9F43C5C12A4AC22A0011A48F /* ContentView.swift in Sources */ = {isa = PBXBuildFile; fileRef = 9F43C5C02A4AC1960011A48F /* ContentView.swift */; };
		9F43C5CA2A4AC6D40011A48F /* Award.swift in Sources */ = {isa = PBXBuildFile; fileRef = 9F43C5C92A4AC6D40011A48F /* Award.swift */; };
		9F4AD4522A5C8C73009ED7B5 /* MaintenanceUpdateView.swift in Sources */ = {isa = PBXBuildFile; fileRef = 9F4AD4512A5C8C73009ED7B5 /* MaintenanceUpdateView.swift */; };
		9F4AD4542A5D0357009ED7B5 /* MaintenanceUpdate+CoreDataHelpers.swift in Sources */ = {isa = PBXBuildFile; fileRef = 9F4AD4532A5D0357009ED7B5 /* MaintenanceUpdate+CoreDataHelpers.swift */; };
		9FB9B7852A5250CD00445AFE /* AppDelegate.swift in Sources */ = {isa = PBXBuildFile; fileRef = 9FB9B7842A5250CD00445AFE /* AppDelegate.swift */; };
		9FB9B7872A5250E000445AFE /* SceneDelegate.swift in Sources */ = {isa = PBXBuildFile; fileRef = 9FB9B7862A5250E000445AFE /* SceneDelegate.swift */; };
		9FCA06682A4CA36D00E102E5 /* MaintenanceTrackerAppTests.swift in Sources */ = {isa = PBXBuildFile; fileRef = 9FCA06672A4CA36D00E102E5 /* MaintenanceTrackerAppTests.swift */; };
		9FCA06782A4D367C00E102E5 /* Color+Ext.swift in Sources */ = {isa = PBXBuildFile; fileRef = 9FCA06772A4D367C00E102E5 /* Color+Ext.swift */; };
		9FCA067A2A4D430B00E102E5 /* LinearGradient+Ext.swift in Sources */ = {isa = PBXBuildFile; fileRef = 9FCA06792A4D430A00E102E5 /* LinearGradient+Ext.swift */; };
/* End PBXBuildFile section */

/* Begin PBXContainerItemProxy section */
		9FCA06692A4CA36D00E102E5 /* PBXContainerItemProxy */ = {
			isa = PBXContainerItemProxy;
			containerPortal = 9F43C56B2A4ABA660011A48F /* Project object */;
			proxyType = 1;
			remoteGlobalIDString = 9F43C5722A4ABA660011A48F;
			remoteInfo = MaintenanceTrackerApp;
		};
/* End PBXContainerItemProxy section */

/* Begin PBXFileReference section */
		9F43C5732A4ABA660011A48F /* MaintenanceTrackerApp.app */ = {isa = PBXFileReference; explicitFileType = wrapper.application; includeInIndex = 0; path = MaintenanceTrackerApp.app; sourceTree = BUILT_PRODUCTS_DIR; };
		9F43C5762A4ABA660011A48F /* MaintenanceTracker.swift */ = {isa = PBXFileReference; lastKnownFileType = sourcecode.swift; path = MaintenanceTracker.swift; sourceTree = "<group>"; };
		9F43C5852A4ABA8E0011A48F /* Main.xcdatamodel */ = {isa = PBXFileReference; lastKnownFileType = wrapper.xcdatamodel; path = Main.xcdatamodel; sourceTree = "<group>"; };
		9F43C5862A4ABA8E0011A48F /* TagsMenuView.swift */ = {isa = PBXFileReference; fileEncoding = 4; lastKnownFileType = sourcecode.swift; path = TagsMenuView.swift; sourceTree = "<group>"; };
		9F43C5872A4ABA8E0011A48F /* SidebarView.swift */ = {isa = PBXFileReference; fileEncoding = 4; lastKnownFileType = sourcecode.swift; path = SidebarView.swift; sourceTree = "<group>"; };
		9F43C5882A4ABA8E0011A48F /* Tag-CoreDataHelpers.swift */ = {isa = PBXFileReference; fileEncoding = 4; lastKnownFileType = sourcecode.swift; path = "Tag-CoreDataHelpers.swift"; sourceTree = "<group>"; };
		9F43C5892A4ABA8E0011A48F /* SidebarViewToolbar.swift */ = {isa = PBXFileReference; fileEncoding = 4; lastKnownFileType = sourcecode.swift; path = SidebarViewToolbar.swift; sourceTree = "<group>"; };
		9F43C58B2A4ABA8E0011A48F /* Preview Assets.xcassets */ = {isa = PBXFileReference; lastKnownFileType = folder.assetcatalog; path = "Preview Assets.xcassets"; sourceTree = "<group>"; };
		9F43C58C2A4ABA8E0011A48F /* IssueRow.swift */ = {isa = PBXFileReference; fileEncoding = 4; lastKnownFileType = sourcecode.swift; path = IssueRow.swift; sourceTree = "<group>"; };
		9F43C58F2A4ABA8F0011A48F /* Issue-CoreDataHelpers.swift */ = {isa = PBXFileReference; fileEncoding = 4; lastKnownFileType = sourcecode.swift; path = "Issue-CoreDataHelpers.swift"; sourceTree = "<group>"; };
		9F43C5912A4ABA8F0011A48F /* Assets.xcassets */ = {isa = PBXFileReference; lastKnownFileType = folder.assetcatalog; name = Assets.xcassets; path = ../../MaintenanceTrackerAppFiles/appfiles/Assets.xcassets; sourceTree = "<group>"; };
		9F43C5932A4ABA8F0011A48F /* MaintenanceTracker.entitlements */ = {isa = PBXFileReference; fileEncoding = 4; lastKnownFileType = text.plist.entitlements; path = MaintenanceTracker.entitlements; sourceTree = "<group>"; };
		9F43C5942A4ABA8F0011A48F /* SmartFilterRow.swift */ = {isa = PBXFileReference; fileEncoding = 4; lastKnownFileType = sourcecode.swift; path = SmartFilterRow.swift; sourceTree = "<group>"; };
		9F43C5952A4ABA8F0011A48F /* NoIssueView.swift */ = {isa = PBXFileReference; fileEncoding = 4; lastKnownFileType = sourcecode.swift; path = NoIssueView.swift; sourceTree = "<group>"; };
		9F43C5972A4ABA8F0011A48F /* DataController.swift */ = {isa = PBXFileReference; fileEncoding = 4; lastKnownFileType = sourcecode.swift; path = DataController.swift; sourceTree = "<group>"; };
		9F43C5992A4ABA8F0011A48F /* ContentViewToolbar.swift */ = {isa = PBXFileReference; fileEncoding = 4; lastKnownFileType = sourcecode.swift; path = ContentViewToolbar.swift; sourceTree = "<group>"; };
		9F43C59A2A4ABA8F0011A48F /* IssueViewToolbar.swift */ = {isa = PBXFileReference; fileEncoding = 4; lastKnownFileType = sourcecode.swift; path = IssueViewToolbar.swift; sourceTree = "<group>"; };
		9F43C59C2A4ABA8F0011A48F /* UserFilterRow.swift */ = {isa = PBXFileReference; fileEncoding = 4; lastKnownFileType = sourcecode.swift; path = UserFilterRow.swift; sourceTree = "<group>"; };
		9F43C59D2A4ABA900011A48F /* DetailView.swift */ = {isa = PBXFileReference; fileEncoding = 4; lastKnownFileType = sourcecode.swift; path = DetailView.swift; sourceTree = "<group>"; };
		9F43C59E2A4ABA900011A48F /* Filter.swift */ = {isa = PBXFileReference; fileEncoding = 4; lastKnownFileType = sourcecode.swift; path = Filter.swift; sourceTree = "<group>"; };
		9F43C59F2A4ABA900011A48F /* IssueView.swift */ = {isa = PBXFileReference; fileEncoding = 4; lastKnownFileType = sourcecode.swift; path = IssueView.swift; sourceTree = "<group>"; };
		9F43C5A02A4ABA900011A48F /* Info.plist */ = {isa = PBXFileReference; fileEncoding = 4; lastKnownFileType = text.plist.xml; path = Info.plist; sourceTree = "<group>"; };
		9F43C5A12A4ABA900011A48F /* Bundle-Decodable.swift */ = {isa = PBXFileReference; fileEncoding = 4; lastKnownFileType = sourcecode.swift; path = "Bundle-Decodable.swift"; sourceTree = "<group>"; };
		9F43C5C02A4AC1960011A48F /* ContentView.swift */ = {isa = PBXFileReference; lastKnownFileType = sourcecode.swift; path = ContentView.swift; sourceTree = "<group>"; };
		9F43C5C92A4AC6D40011A48F /* Award.swift */ = {isa = PBXFileReference; fileEncoding = 4; lastKnownFileType = sourcecode.swift; path = Award.swift; sourceTree = "<group>"; };
		9F4AD4512A5C8C73009ED7B5 /* MaintenanceUpdateView.swift */ = {isa = PBXFileReference; lastKnownFileType = sourcecode.swift; path = MaintenanceUpdateView.swift; sourceTree = "<group>"; };
		9F4AD4532A5D0357009ED7B5 /* MaintenanceUpdate+CoreDataHelpers.swift */ = {isa = PBXFileReference; lastKnownFileType = sourcecode.swift; path = "MaintenanceUpdate+CoreDataHelpers.swift"; sourceTree = "<group>"; };
		9FB9B77F2A50C28B00445AFE /* CoreSpotlight.framework */ = {isa = PBXFileReference; lastKnownFileType = wrapper.framework; name = CoreSpotlight.framework; path = System/Library/Frameworks/CoreSpotlight.framework; sourceTree = SDKROOT; };
		9FB9B7842A5250CD00445AFE /* AppDelegate.swift */ = {isa = PBXFileReference; lastKnownFileType = sourcecode.swift; path = AppDelegate.swift; sourceTree = "<group>"; };
		9FB9B7862A5250E000445AFE /* SceneDelegate.swift */ = {isa = PBXFileReference; lastKnownFileType = sourcecode.swift; path = SceneDelegate.swift; sourceTree = "<group>"; };
		9FCA06652A4CA36D00E102E5 /* MaintenanceTrackerAppTests.xctest */ = {isa = PBXFileReference; explicitFileType = wrapper.cfbundle; includeInIndex = 0; path = MaintenanceTrackerAppTests.xctest; sourceTree = BUILT_PRODUCTS_DIR; };
		9FCA06672A4CA36D00E102E5 /* MaintenanceTrackerAppTests.swift */ = {isa = PBXFileReference; lastKnownFileType = sourcecode.swift; path = MaintenanceTrackerAppTests.swift; sourceTree = "<group>"; };
		9FCA066E2A4CA4C600E102E5 /* MaintenanceTrackerApp.xctestplan */ = {isa = PBXFileReference; lastKnownFileType = text; name = MaintenanceTrackerApp.xctestplan; path = MaintenanceTrackerAppTests/MaintenanceTrackerApp.xctestplan; sourceTree = SOURCE_ROOT; };
		9FCA06772A4D367C00E102E5 /* Color+Ext.swift */ = {isa = PBXFileReference; lastKnownFileType = sourcecode.swift; path = "Color+Ext.swift"; sourceTree = "<group>"; };
		9FCA06792A4D430A00E102E5 /* LinearGradient+Ext.swift */ = {isa = PBXFileReference; lastKnownFileType = sourcecode.swift; path = "LinearGradient+Ext.swift"; sourceTree = "<group>"; };
/* End PBXFileReference section */

/* Begin PBXFrameworksBuildPhase section */
		9F43C5702A4ABA660011A48F /* Frameworks */ = {
			isa = PBXFrameworksBuildPhase;
			buildActionMask = 2147483647;
			files = (
			);
			runOnlyForDeploymentPostprocessing = 0;
		};
		9FCA06622A4CA36D00E102E5 /* Frameworks */ = {
			isa = PBXFrameworksBuildPhase;
			buildActionMask = 2147483647;
			files = (
			);
			runOnlyForDeploymentPostprocessing = 0;
		};
/* End PBXFrameworksBuildPhase section */

/* Begin PBXGroup section */
		9F43C56A2A4ABA660011A48F = {
			isa = PBXGroup;
			children = (
				9F43C5752A4ABA660011A48F /* MaintenanceTrackerApp */,
				9FCA06662A4CA36D00E102E5 /* MaintenanceTrackerAppTests */,
				9F43C5742A4ABA660011A48F /* Products */,
				9FB9B77E2A50C28A00445AFE /* Frameworks */,
			);
			sourceTree = "<group>";
		};
		9F43C5742A4ABA660011A48F /* Products */ = {
			isa = PBXGroup;
			children = (
				9F43C5732A4ABA660011A48F /* MaintenanceTrackerApp.app */,
				9FCA06652A4CA36D00E102E5 /* MaintenanceTrackerAppTests.xctest */,
			);
			name = Products;
			sourceTree = "<group>";
		};
		9F43C5752A4ABA660011A48F /* MaintenanceTrackerApp */ = {
			isa = PBXGroup;
			children = (
				9F43C5C42A4AC2740011A48F /* Extensions */,
				9F43C5762A4ABA660011A48F /* MaintenanceTracker.swift */,
				9F43C5912A4ABA8F0011A48F /* Assets.xcassets */,
				9F43C5C22A4AC25F0011A48F /* Models */,
				9F43C5BF2A4AC1950011A48F /* Views */,
				9F43C5C02A4AC1960011A48F /* ContentView.swift */,
				9F43C5C32A4AC26A0011A48F /* Controllers */,
				9F43C5932A4ABA8F0011A48F /* MaintenanceTracker.entitlements */,
				9F43C5A02A4ABA900011A48F /* Info.plist */,
				9F43C5842A4ABA8E0011A48F /* Main.xcdatamodeld */,
				9F43C58A2A4ABA8E0011A48F /* Preview Content */,
				9FB9B7842A5250CD00445AFE /* AppDelegate.swift */,
				9FB9B7862A5250E000445AFE /* SceneDelegate.swift */,
			);
			path = MaintenanceTrackerApp;
			sourceTree = "<group>";
		};
		9F43C58A2A4ABA8E0011A48F /* Preview Content */ = {
			isa = PBXGroup;
			children = (
				9F43C58B2A4ABA8E0011A48F /* Preview Assets.xcassets */,
			);
			name = "Preview Content";
			path = "../../MaintenanceTrackerAppFiles/appfiles/Preview Content";
			sourceTree = "<group>";
		};
		9F43C5BF2A4AC1950011A48F /* Views */ = {
			isa = PBXGroup;
			children = (
				9F43C5992A4ABA8F0011A48F /* ContentViewToolbar.swift */,
				9F43C59D2A4ABA900011A48F /* DetailView.swift */,
				9F43C58C2A4ABA8E0011A48F /* IssueRow.swift */,
				9F43C59F2A4ABA900011A48F /* IssueView.swift */,
				9F4AD4512A5C8C73009ED7B5 /* MaintenanceUpdateView.swift */,
				9F43C59A2A4ABA8F0011A48F /* IssueViewToolbar.swift */,
				9F43C5952A4ABA8F0011A48F /* NoIssueView.swift */,
				9F43C5872A4ABA8E0011A48F /* SidebarView.swift */,
				9F43C5892A4ABA8E0011A48F /* SidebarViewToolbar.swift */,
				9F43C5942A4ABA8F0011A48F /* SmartFilterRow.swift */,
				9F43C5862A4ABA8E0011A48F /* TagsMenuView.swift */,
				9F43C59C2A4ABA8F0011A48F /* UserFilterRow.swift */,
			);
			path = Views;
			sourceTree = "<group>";
		};
		9F43C5C22A4AC25F0011A48F /* Models */ = {
			isa = PBXGroup;
			children = (
				9F43C59E2A4ABA900011A48F /* Filter.swift */,
				9F43C5C92A4AC6D40011A48F /* Award.swift */,
				9F43C58F2A4ABA8F0011A48F /* Issue-CoreDataHelpers.swift */,
				9F43C5882A4ABA8E0011A48F /* Tag-CoreDataHelpers.swift */,
				9F4AD4532A5D0357009ED7B5 /* MaintenanceUpdate+CoreDataHelpers.swift */,
			);
			path = Models;
			sourceTree = "<group>";
		};
		9F43C5C32A4AC26A0011A48F /* Controllers */ = {
			isa = PBXGroup;
			children = (
				9F43C5972A4ABA8F0011A48F /* DataController.swift */,
			);
			path = Controllers;
			sourceTree = "<group>";
		};
		9F43C5C42A4AC2740011A48F /* Extensions */ = {
			isa = PBXGroup;
			children = (
				9F43C5A12A4ABA900011A48F /* Bundle-Decodable.swift */,
				9FCA06772A4D367C00E102E5 /* Color+Ext.swift */,
				9FCA06792A4D430A00E102E5 /* LinearGradient+Ext.swift */,
			);
			path = Extensions;
			sourceTree = "<group>";
		};
		9FB9B77E2A50C28A00445AFE /* Frameworks */ = {
			isa = PBXGroup;
			children = (
				9FB9B77F2A50C28B00445AFE /* CoreSpotlight.framework */,
			);
			name = Frameworks;
			sourceTree = "<group>";
		};
		9FCA06662A4CA36D00E102E5 /* MaintenanceTrackerAppTests */ = {
			isa = PBXGroup;
			children = (
				9FCA066E2A4CA4C600E102E5 /* MaintenanceTrackerApp.xctestplan */,
				9FCA06672A4CA36D00E102E5 /* MaintenanceTrackerAppTests.swift */,
			);
			path = MaintenanceTrackerAppTests;
			sourceTree = "<group>";
		};
/* End PBXGroup section */

/* Begin PBXNativeTarget section */
		9F43C5722A4ABA660011A48F /* MaintenanceTrackerApp */ = {
			isa = PBXNativeTarget;
			buildConfigurationList = 9F43C5812A4ABA670011A48F /* Build configuration list for PBXNativeTarget "MaintenanceTrackerApp" */;
			buildPhases = (
				9F43C56F2A4ABA660011A48F /* Sources */,
				9F43C5702A4ABA660011A48F /* Frameworks */,
				9F43C5712A4ABA660011A48F /* Resources */,
			);
			buildRules = (
			);
			dependencies = (
			);
			name = MaintenanceTrackerApp;
			productName = MaintenanceTrackerApp;
			productReference = 9F43C5732A4ABA660011A48F /* MaintenanceTrackerApp.app */;
			productType = "com.apple.product-type.application";
		};
		9FCA06642A4CA36D00E102E5 /* MaintenanceTrackerAppTests */ = {
			isa = PBXNativeTarget;
			buildConfigurationList = 9FCA066D2A4CA36D00E102E5 /* Build configuration list for PBXNativeTarget "MaintenanceTrackerAppTests" */;
			buildPhases = (
				9FCA06612A4CA36D00E102E5 /* Sources */,
				9FCA06622A4CA36D00E102E5 /* Frameworks */,
				9FCA06632A4CA36D00E102E5 /* Resources */,
			);
			buildRules = (
			);
			dependencies = (
				9FCA066A2A4CA36D00E102E5 /* PBXTargetDependency */,
			);
			name = MaintenanceTrackerAppTests;
			productName = MaintenanceTrackerAppTests;
			productReference = 9FCA06652A4CA36D00E102E5 /* MaintenanceTrackerAppTests.xctest */;
			productType = "com.apple.product-type.bundle.unit-test";
		};
/* End PBXNativeTarget section */

/* Begin PBXProject section */
		9F43C56B2A4ABA660011A48F /* Project object */ = {
			isa = PBXProject;
			attributes = {
				BuildIndependentTargetsInParallel = 1;
				LastSwiftUpdateCheck = 1430;
				LastUpgradeCheck = 1430;
				TargetAttributes = {
					9F43C5722A4ABA660011A48F = {
						CreatedOnToolsVersion = 14.3.1;
					};
					9FCA06642A4CA36D00E102E5 = {
						CreatedOnToolsVersion = 14.3.1;
						TestTargetID = 9F43C5722A4ABA660011A48F;
					};
				};
			};
			buildConfigurationList = 9F43C56E2A4ABA660011A48F /* Build configuration list for PBXProject "MaintenanceTrackerApp" */;
			compatibilityVersion = "Xcode 14.0";
			developmentRegion = en;
			hasScannedForEncodings = 0;
			knownRegions = (
				en,
				Base,
			);
			mainGroup = 9F43C56A2A4ABA660011A48F;
			productRefGroup = 9F43C5742A4ABA660011A48F /* Products */;
			projectDirPath = "";
			projectRoot = "";
			targets = (
				9F43C5722A4ABA660011A48F /* MaintenanceTrackerApp */,
				9FCA06642A4CA36D00E102E5 /* MaintenanceTrackerAppTests */,
			);
		};
/* End PBXProject section */

/* Begin PBXResourcesBuildPhase section */
		9F43C5712A4ABA660011A48F /* Resources */ = {
			isa = PBXResourcesBuildPhase;
			buildActionMask = 2147483647;
			files = (
			);
			runOnlyForDeploymentPostprocessing = 0;
		};
		9FCA06632A4CA36D00E102E5 /* Resources */ = {
			isa = PBXResourcesBuildPhase;
			buildActionMask = 2147483647;
			files = (
			);
			runOnlyForDeploymentPostprocessing = 0;
		};
/* End PBXResourcesBuildPhase section */

/* Begin PBXSourcesBuildPhase section */
		9F43C56F2A4ABA660011A48F /* Sources */ = {
			isa = PBXSourcesBuildPhase;
			buildActionMask = 2147483647;
			files = (
				9F43C5A42A4ABA900011A48F /* TagsMenuView.swift in Sources */,
				9F4AD4542A5D0357009ED7B5 /* MaintenanceUpdate+CoreDataHelpers.swift in Sources */,
				9F43C5CA2A4AC6D40011A48F /* Award.swift in Sources */,
				9F43C5A62A4ABA900011A48F /* Tag-CoreDataHelpers.swift in Sources */,
				9F43C5C12A4AC22A0011A48F /* ContentView.swift in Sources */,
				9F43C5B62A4ABA900011A48F /* IssueViewToolbar.swift in Sources */,
				9F43C5A92A4ABA900011A48F /* IssueRow.swift in Sources */,
				9F43C5AC2A4ABA900011A48F /* Issue-CoreDataHelpers.swift in Sources */,
				9F4AD4522A5C8C73009ED7B5 /* MaintenanceUpdateView.swift in Sources */,
				9F43C5BA2A4ABA900011A48F /* Filter.swift in Sources */,
				9FCA06782A4D367C00E102E5 /* Color+Ext.swift in Sources */,
				9F43C5BB2A4ABA900011A48F /* IssueView.swift in Sources */,
				9F43C5B82A4ABA900011A48F /* UserFilterRow.swift in Sources */,
				9F43C5BD2A4ABA900011A48F /* Bundle-Decodable.swift in Sources */,
				9F43C5B12A4ABA900011A48F /* NoIssueView.swift in Sources */,
				9F43C5A32A4ABA900011A48F /* Main.xcdatamodeld in Sources */,
				9FCA067A2A4D430B00E102E5 /* LinearGradient+Ext.swift in Sources */,
				9F43C5B32A4ABA900011A48F /* DataController.swift in Sources */,
				9F43C5A72A4ABA900011A48F /* SidebarViewToolbar.swift in Sources */,
				9F43C5B92A4ABA900011A48F /* DetailView.swift in Sources */,
				9F43C5B02A4ABA900011A48F /* SmartFilterRow.swift in Sources */,
				9F43C5A52A4ABA900011A48F /* SidebarView.swift in Sources */,
				9F43C5B52A4ABA900011A48F /* ContentViewToolbar.swift in Sources */,
				9F43C5772A4ABA660011A48F /* MaintenanceTracker.swift in Sources */,
				9FB9B7852A5250CD00445AFE /* AppDelegate.swift in Sources */,
				9FB9B7872A5250E000445AFE /* SceneDelegate.swift in Sources */,
			);
			runOnlyForDeploymentPostprocessing = 0;
		};
		9FCA06612A4CA36D00E102E5 /* Sources */ = {
			isa = PBXSourcesBuildPhase;
			buildActionMask = 2147483647;
			files = (
				9FCA06682A4CA36D00E102E5 /* MaintenanceTrackerAppTests.swift in Sources */,
			);
			runOnlyForDeploymentPostprocessing = 0;
		};
/* End PBXSourcesBuildPhase section */

/* Begin PBXTargetDependency section */
		9FCA066A2A4CA36D00E102E5 /* PBXTargetDependency */ = {
			isa = PBXTargetDependency;
			target = 9F43C5722A4ABA660011A48F /* MaintenanceTrackerApp */;
			targetProxy = 9FCA06692A4CA36D00E102E5 /* PBXContainerItemProxy */;
		};
/* End PBXTargetDependency section */

/* Begin XCBuildConfiguration section */
		9F43C57F2A4ABA670011A48F /* Debug */ = {
			isa = XCBuildConfiguration;
			buildSettings = {
				ALWAYS_SEARCH_USER_PATHS = NO;
				ASSETCATALOG_COMPILER_APPICON_NAME = AppIcon;
				CLANG_ANALYZER_NONNULL = YES;
				CLANG_ANALYZER_NUMBER_OBJECT_CONVERSION = YES_AGGRESSIVE;
				CLANG_CXX_LANGUAGE_STANDARD = "gnu++20";
				CLANG_ENABLE_MODULES = YES;
				CLANG_ENABLE_OBJC_ARC = YES;
				CLANG_ENABLE_OBJC_WEAK = YES;
				CLANG_WARN_BLOCK_CAPTURE_AUTORELEASING = YES;
				CLANG_WARN_BOOL_CONVERSION = YES;
				CLANG_WARN_COMMA = YES;
				CLANG_WARN_CONSTANT_CONVERSION = YES;
				CLANG_WARN_DEPRECATED_OBJC_IMPLEMENTATIONS = YES;
				CLANG_WARN_DIRECT_OBJC_ISA_USAGE = YES_ERROR;
				CLANG_WARN_DOCUMENTATION_COMMENTS = YES;
				CLANG_WARN_EMPTY_BODY = YES;
				CLANG_WARN_ENUM_CONVERSION = YES;
				CLANG_WARN_INFINITE_RECURSION = YES;
				CLANG_WARN_INT_CONVERSION = YES;
				CLANG_WARN_NON_LITERAL_NULL_CONVERSION = YES;
				CLANG_WARN_OBJC_IMPLICIT_RETAIN_SELF = YES;
				CLANG_WARN_OBJC_LITERAL_CONVERSION = YES;
				CLANG_WARN_OBJC_ROOT_CLASS = YES_ERROR;
				CLANG_WARN_QUOTED_INCLUDE_IN_FRAMEWORK_HEADER = YES;
				CLANG_WARN_RANGE_LOOP_ANALYSIS = YES;
				CLANG_WARN_STRICT_PROTOTYPES = YES;
				CLANG_WARN_SUSPICIOUS_MOVE = YES;
				CLANG_WARN_UNGUARDED_AVAILABILITY = YES_AGGRESSIVE;
				CLANG_WARN_UNREACHABLE_CODE = YES;
				CLANG_WARN__DUPLICATE_METHOD_MATCH = YES;
				COPY_PHASE_STRIP = NO;
				DEBUG_INFORMATION_FORMAT = dwarf;
				ENABLE_STRICT_OBJC_MSGSEND = YES;
				ENABLE_TESTABILITY = YES;
				GCC_C_LANGUAGE_STANDARD = gnu11;
				GCC_DYNAMIC_NO_PIC = NO;
				GCC_NO_COMMON_BLOCKS = YES;
				GCC_OPTIMIZATION_LEVEL = 0;
				GCC_PREPROCESSOR_DEFINITIONS = (
					"DEBUG=1",
					"$(inherited)",
				);
				GCC_WARN_64_TO_32_BIT_CONVERSION = YES;
				GCC_WARN_ABOUT_RETURN_TYPE = YES_ERROR;
				GCC_WARN_UNDECLARED_SELECTOR = YES;
				GCC_WARN_UNINITIALIZED_AUTOS = YES_AGGRESSIVE;
				GCC_WARN_UNUSED_FUNCTION = YES;
				GCC_WARN_UNUSED_VARIABLE = YES;
				IPHONEOS_DEPLOYMENT_TARGET = 16.4;
				MTL_ENABLE_DEBUG_INFO = INCLUDE_SOURCE;
				MTL_FAST_MATH = YES;
				ONLY_ACTIVE_ARCH = YES;
				SDKROOT = iphoneos;
				SWIFT_ACTIVE_COMPILATION_CONDITIONS = DEBUG;
				SWIFT_OPTIMIZATION_LEVEL = "-Onone";
			};
			name = Debug;
		};
		9F43C5802A4ABA670011A48F /* Release */ = {
			isa = XCBuildConfiguration;
			buildSettings = {
				ALWAYS_SEARCH_USER_PATHS = NO;
				ASSETCATALOG_COMPILER_APPICON_NAME = AppIcon;
				CLANG_ANALYZER_NONNULL = YES;
				CLANG_ANALYZER_NUMBER_OBJECT_CONVERSION = YES_AGGRESSIVE;
				CLANG_CXX_LANGUAGE_STANDARD = "gnu++20";
				CLANG_ENABLE_MODULES = YES;
				CLANG_ENABLE_OBJC_ARC = YES;
				CLANG_ENABLE_OBJC_WEAK = YES;
				CLANG_WARN_BLOCK_CAPTURE_AUTORELEASING = YES;
				CLANG_WARN_BOOL_CONVERSION = YES;
				CLANG_WARN_COMMA = YES;
				CLANG_WARN_CONSTANT_CONVERSION = YES;
				CLANG_WARN_DEPRECATED_OBJC_IMPLEMENTATIONS = YES;
				CLANG_WARN_DIRECT_OBJC_ISA_USAGE = YES_ERROR;
				CLANG_WARN_DOCUMENTATION_COMMENTS = YES;
				CLANG_WARN_EMPTY_BODY = YES;
				CLANG_WARN_ENUM_CONVERSION = YES;
				CLANG_WARN_INFINITE_RECURSION = YES;
				CLANG_WARN_INT_CONVERSION = YES;
				CLANG_WARN_NON_LITERAL_NULL_CONVERSION = YES;
				CLANG_WARN_OBJC_IMPLICIT_RETAIN_SELF = YES;
				CLANG_WARN_OBJC_LITERAL_CONVERSION = YES;
				CLANG_WARN_OBJC_ROOT_CLASS = YES_ERROR;
				CLANG_WARN_QUOTED_INCLUDE_IN_FRAMEWORK_HEADER = YES;
				CLANG_WARN_RANGE_LOOP_ANALYSIS = YES;
				CLANG_WARN_STRICT_PROTOTYPES = YES;
				CLANG_WARN_SUSPICIOUS_MOVE = YES;
				CLANG_WARN_UNGUARDED_AVAILABILITY = YES_AGGRESSIVE;
				CLANG_WARN_UNREACHABLE_CODE = YES;
				CLANG_WARN__DUPLICATE_METHOD_MATCH = YES;
				COPY_PHASE_STRIP = NO;
				DEBUG_INFORMATION_FORMAT = "dwarf-with-dsym";
				ENABLE_NS_ASSERTIONS = NO;
				ENABLE_STRICT_OBJC_MSGSEND = YES;
				GCC_C_LANGUAGE_STANDARD = gnu11;
				GCC_NO_COMMON_BLOCKS = YES;
				GCC_WARN_64_TO_32_BIT_CONVERSION = YES;
				GCC_WARN_ABOUT_RETURN_TYPE = YES_ERROR;
				GCC_WARN_UNDECLARED_SELECTOR = YES;
				GCC_WARN_UNINITIALIZED_AUTOS = YES_AGGRESSIVE;
				GCC_WARN_UNUSED_FUNCTION = YES;
				GCC_WARN_UNUSED_VARIABLE = YES;
				IPHONEOS_DEPLOYMENT_TARGET = 16.4;
				MTL_ENABLE_DEBUG_INFO = NO;
				MTL_FAST_MATH = YES;
				SDKROOT = iphoneos;
				SWIFT_COMPILATION_MODE = wholemodule;
				SWIFT_OPTIMIZATION_LEVEL = "-O";
				VALIDATE_PRODUCT = YES;
			};
			name = Release;
		};
		9F43C5822A4ABA670011A48F /* Debug */ = {
			isa = XCBuildConfiguration;
			buildSettings = {
				ASSETCATALOG_COMPILER_APPICON_NAME = AppIcon;
				ASSETCATALOG_COMPILER_GLOBAL_ACCENT_COLOR_NAME = AccentColor;
				ASSETCATALOG_COMPILER_INCLUDE_ALL_APPICON_ASSETS = NO;
				CODE_SIGN_STYLE = Automatic;
				CURRENT_PROJECT_VERSION = 1;
				DEVELOPMENT_ASSET_PATHS = "";
				DEVELOPMENT_TEAM = 4BPQ98Z5QY;
				ENABLE_PREVIEWS = YES;
				GENERATE_INFOPLIST_FILE = YES;
				INFOPLIST_FILE = MaintenanceTrackerApp/Info.plist;
				INFOPLIST_KEY_UIApplicationSceneManifest_Generation = YES;
				INFOPLIST_KEY_UIApplicationSupportsIndirectInputEvents = YES;
				INFOPLIST_KEY_UILaunchScreen_Generation = YES;
				INFOPLIST_KEY_UISupportedInterfaceOrientations_iPad = "UIInterfaceOrientationPortrait UIInterfaceOrientationPortraitUpsideDown UIInterfaceOrientationLandscapeLeft UIInterfaceOrientationLandscapeRight";
				INFOPLIST_KEY_UISupportedInterfaceOrientations_iPhone = "UIInterfaceOrientationPortrait UIInterfaceOrientationLandscapeLeft UIInterfaceOrientationLandscapeRight";
				LD_RUNPATH_SEARCH_PATHS = (
					"$(inherited)",
					"@executable_path/Frameworks",
				);
				MARKETING_VERSION = 1.0;
				PRODUCT_BUNDLE_IDENTIFIER = com.markmartin89.MaintenanceTrackerApp;
				PRODUCT_NAME = "$(TARGET_NAME)";
				SWIFT_EMIT_LOC_STRINGS = YES;
				SWIFT_VERSION = 5.0;
				TARGETED_DEVICE_FAMILY = "1,2";
			};
			name = Debug;
		};
		9F43C5832A4ABA670011A48F /* Release */ = {
			isa = XCBuildConfiguration;
			buildSettings = {
				ASSETCATALOG_COMPILER_APPICON_NAME = AppIcon;
				ASSETCATALOG_COMPILER_GLOBAL_ACCENT_COLOR_NAME = AccentColor;
				ASSETCATALOG_COMPILER_INCLUDE_ALL_APPICON_ASSETS = NO;
				CODE_SIGN_STYLE = Automatic;
				CURRENT_PROJECT_VERSION = 1;
				DEVELOPMENT_ASSET_PATHS = "";
				DEVELOPMENT_TEAM = 4BPQ98Z5QY;
				ENABLE_PREVIEWS = YES;
				GENERATE_INFOPLIST_FILE = YES;
				INFOPLIST_FILE = MaintenanceTrackerApp/Info.plist;
				INFOPLIST_KEY_UIApplicationSceneManifest_Generation = YES;
				INFOPLIST_KEY_UIApplicationSupportsIndirectInputEvents = YES;
				INFOPLIST_KEY_UILaunchScreen_Generation = YES;
				INFOPLIST_KEY_UISupportedInterfaceOrientations_iPad = "UIInterfaceOrientationPortrait UIInterfaceOrientationPortraitUpsideDown UIInterfaceOrientationLandscapeLeft UIInterfaceOrientationLandscapeRight";
				INFOPLIST_KEY_UISupportedInterfaceOrientations_iPhone = "UIInterfaceOrientationPortrait UIInterfaceOrientationLandscapeLeft UIInterfaceOrientationLandscapeRight";
				LD_RUNPATH_SEARCH_PATHS = (
					"$(inherited)",
					"@executable_path/Frameworks",
				);
				MARKETING_VERSION = 1.0;
				PRODUCT_BUNDLE_IDENTIFIER = com.markmartin89.MaintenanceTrackerApp;
				PRODUCT_NAME = "$(TARGET_NAME)";
				SWIFT_EMIT_LOC_STRINGS = YES;
				SWIFT_VERSION = 5.0;
				TARGETED_DEVICE_FAMILY = "1,2";
			};
			name = Release;
		};
		9FCA066B2A4CA36D00E102E5 /* Debug */ = {
			isa = XCBuildConfiguration;
			buildSettings = {
				BUNDLE_LOADER = "$(TEST_HOST)";
				CODE_SIGN_STYLE = Automatic;
				CURRENT_PROJECT_VERSION = 1;
				DEVELOPMENT_TEAM = 4BPQ98Z5QY;
				GENERATE_INFOPLIST_FILE = YES;
				MARKETING_VERSION = 1.0;
				PRODUCT_BUNDLE_IDENTIFIER = com.markmartin89.MaintenanceTrackerAppTests;
				PRODUCT_NAME = "$(TARGET_NAME)";
				SWIFT_EMIT_LOC_STRINGS = NO;
				SWIFT_VERSION = 5.0;
				TARGETED_DEVICE_FAMILY = "1,2";
				TEST_HOST = "$(BUILT_PRODUCTS_DIR)/MaintenanceTrackerApp.app/$(BUNDLE_EXECUTABLE_FOLDER_PATH)/MaintenanceTrackerApp";
			};
			name = Debug;
		};
		9FCA066C2A4CA36D00E102E5 /* Release */ = {
			isa = XCBuildConfiguration;
			buildSettings = {
				BUNDLE_LOADER = "$(TEST_HOST)";
				CODE_SIGN_STYLE = Automatic;
				CURRENT_PROJECT_VERSION = 1;
				DEVELOPMENT_TEAM = 4BPQ98Z5QY;
				GENERATE_INFOPLIST_FILE = YES;
				MARKETING_VERSION = 1.0;
				PRODUCT_BUNDLE_IDENTIFIER = com.markmartin89.MaintenanceTrackerAppTests;
				PRODUCT_NAME = "$(TARGET_NAME)";
				SWIFT_EMIT_LOC_STRINGS = NO;
				SWIFT_VERSION = 5.0;
				TARGETED_DEVICE_FAMILY = "1,2";
				TEST_HOST = "$(BUILT_PRODUCTS_DIR)/MaintenanceTrackerApp.app/$(BUNDLE_EXECUTABLE_FOLDER_PATH)/MaintenanceTrackerApp";
			};
			name = Release;
		};
/* End XCBuildConfiguration section */

/* Begin XCConfigurationList section */
		9F43C56E2A4ABA660011A48F /* Build configuration list for PBXProject "MaintenanceTrackerApp" */ = {
			isa = XCConfigurationList;
			buildConfigurations = (
				9F43C57F2A4ABA670011A48F /* Debug */,
				9F43C5802A4ABA670011A48F /* Release */,
			);
			defaultConfigurationIsVisible = 0;
			defaultConfigurationName = Release;
		};
		9F43C5812A4ABA670011A48F /* Build configuration list for PBXNativeTarget "MaintenanceTrackerApp" */ = {
			isa = XCConfigurationList;
			buildConfigurations = (
				9F43C5822A4ABA670011A48F /* Debug */,
				9F43C5832A4ABA670011A48F /* Release */,
			);
			defaultConfigurationIsVisible = 0;
			defaultConfigurationName = Release;
		};
		9FCA066D2A4CA36D00E102E5 /* Build configuration list for PBXNativeTarget "MaintenanceTrackerAppTests" */ = {
			isa = XCConfigurationList;
			buildConfigurations = (
				9FCA066B2A4CA36D00E102E5 /* Debug */,
				9FCA066C2A4CA36D00E102E5 /* Release */,
			);
			defaultConfigurationIsVisible = 0;
			defaultConfigurationName = Release;
		};
/* End XCConfigurationList section */

/* Begin XCVersionGroup section */
		9F43C5842A4ABA8E0011A48F /* Main.xcdatamodeld */ = {
			isa = XCVersionGroup;
			children = (
				9F43C5852A4ABA8E0011A48F /* Main.xcdatamodel */,
			);
			currentVersion = 9F43C5852A4ABA8E0011A48F /* Main.xcdatamodel */;
			path = Main.xcdatamodeld;
			sourceTree = "<group>";
			versionGroupType = wrapper.xcdatamodel;
		};
/* End XCVersionGroup section */
	};
	rootObject = 9F43C56B2A4ABA660011A48F /* Project object */;
}
